// !$*UTF8*$!
{
	archiveVersion = 1;
	classes = {
	};
	objectVersion = 77;
	objects = {

/* Begin PBXContainerItemProxy section */
		F3F6F7022D8CD5EA003A5751 /* PBXContainerItemProxy */ = {
			isa = PBXContainerItemProxy;
			containerPortal = F3F6F6E32D8CD5E7003A5751 /* Project object */;
			proxyType = 1;
			remoteGlobalIDString = F3F6F6EA2D8CD5E7003A5751;
			remoteInfo = Still;
		};
		F3F6F70C2D8CD5EA003A5751 /* PBXContainerItemProxy */ = {
			isa = PBXContainerItemProxy;
			containerPortal = F3F6F6E32D8CD5E7003A5751 /* Project object */;
			proxyType = 1;
			remoteGlobalIDString = F3F6F6EA2D8CD5E7003A5751;
			remoteInfo = Still;
		};
/* End PBXContainerItemProxy section */

/* Begin PBXFileReference section */
		F3F6F6EB2D8CD5E7003A5751 /* Still.app */ = {isa = PBXFileReference; explicitFileType = wrapper.application; includeInIndex = 0; path = Still.app; sourceTree = BUILT_PRODUCTS_DIR; };
		F3F6F7012D8CD5EA003A5751 /* StillTests.xctest */ = {isa = PBXFileReference; explicitFileType = wrapper.cfbundle; includeInIndex = 0; path = StillTests.xctest; sourceTree = BUILT_PRODUCTS_DIR; };
		F3F6F70B2D8CD5EA003A5751 /* StillUITests.xctest */ = {isa = PBXFileReference; explicitFileType = wrapper.cfbundle; includeInIndex = 0; path = StillUITests.xctest; sourceTree = BUILT_PRODUCTS_DIR; };
/* End PBXFileReference section */

/* Begin PBXFileSystemSynchronizedBuildFileExceptionSet section */
		F3F6F7132D8CD5EA003A5751 /* Exceptions for "Still" folder in "Still" target */ = {
			isa = PBXFileSystemSynchronizedBuildFileExceptionSet;
			membershipExceptions = (
				Info.plist,
			);
			target = F3F6F6EA2D8CD5E7003A5751 /* Still */;
		};
/* End PBXFileSystemSynchronizedBuildFileExceptionSet section */

/* Begin PBXFileSystemSynchronizedRootGroup section */
		F3F6F6ED2D8CD5E7003A5751 /* Still */ = {
			isa = PBXFileSystemSynchronizedRootGroup;
			exceptions = (
				F3F6F7132D8CD5EA003A5751 /* Exceptions for "Still" folder in "Still" target */,
			);
			path = Still;
			sourceTree = "<group>";
		};
		F3F6F7042D8CD5EA003A5751 /* StillTests */ = {
			isa = PBXFileSystemSynchronizedRootGroup;
			path = StillTests;
			sourceTree = "<group>";
		};
		F3F6F70E2D8CD5EA003A5751 /* StillUITests */ = {
			isa = PBXFileSystemSynchronizedRootGroup;
			path = StillUITests;
			sourceTree = "<group>";
		};
/* End PBXFileSystemSynchronizedRootGroup section */

/* Begin PBXFrameworksBuildPhase section */
		F3F6F6E82D8CD5E7003A5751 /* Frameworks */ = {
			isa = PBXFrameworksBuildPhase;
			buildActionMask = 2147483647;
			files = (
			);
			runOnlyForDeploymentPostprocessing = 0;
		};
		F3F6F6FE2D8CD5EA003A5751 /* Frameworks */ = {
			isa = PBXFrameworksBuildPhase;
			buildActionMask = 2147483647;
			files = (
			);
			runOnlyForDeploymentPostprocessing = 0;
		};
		F3F6F7082D8CD5EA003A5751 /* Frameworks */ = {
			isa = PBXFrameworksBuildPhase;
			buildActionMask = 2147483647;
			files = (
			);
			runOnlyForDeploymentPostprocessing = 0;
		};
/* End PBXFrameworksBuildPhase section */

/* Begin PBXGroup section */
		F3F6F6E22D8CD5E7003A5751 = {
			isa = PBXGroup;
			children = (
				F3F6F6ED2D8CD5E7003A5751 /* Still */,
				F3F6F7042D8CD5EA003A5751 /* StillTests */,
				F3F6F70E2D8CD5EA003A5751 /* StillUITests */,
				F3F6F6EC2D8CD5E7003A5751 /* Products */,
			);
			sourceTree = "<group>";
		};
		F3F6F6EC2D8CD5E7003A5751 /* Products */ = {
			isa = PBXGroup;
			children = (
				F3F6F6EB2D8CD5E7003A5751 /* Still.app */,
				F3F6F7012D8CD5EA003A5751 /* StillTests.xctest */,
				F3F6F70B2D8CD5EA003A5751 /* StillUITests.xctest */,
			);
			name = Products;
			sourceTree = "<group>";
		};
/* End PBXGroup section */

/* Begin PBXNativeTarget section */
		F3F6F6EA2D8CD5E7003A5751 /* Still */ = {
			isa = PBXNativeTarget;
			buildConfigurationList = F3F6F7142D8CD5EA003A5751 /* Build configuration list for PBXNativeTarget "Still" */;
			buildPhases = (
				F3F6F6E72D8CD5E7003A5751 /* Sources */,
				F3F6F6E82D8CD5E7003A5751 /* Frameworks */,
				F3F6F6E92D8CD5E7003A5751 /* Resources */,
			);
			buildRules = (
			);
			dependencies = (
			);
			fileSystemSynchronizedGroups = (
				F3F6F6ED2D8CD5E7003A5751 /* Still */,
			);
			name = Still;
			packageProductDependencies = (
			);
			productName = Still;
			productReference = F3F6F6EB2D8CD5E7003A5751 /* Still.app */;
			productType = "com.apple.product-type.application";
		};
		F3F6F7002D8CD5EA003A5751 /* StillTests */ = {
			isa = PBXNativeTarget;
			buildConfigurationList = F3F6F7192D8CD5EA003A5751 /* Build configuration list for PBXNativeTarget "StillTests" */;
			buildPhases = (
				F3F6F6FD2D8CD5EA003A5751 /* Sources */,
				F3F6F6FE2D8CD5EA003A5751 /* Frameworks */,
				F3F6F6FF2D8CD5EA003A5751 /* Resources */,
			);
			buildRules = (
			);
			dependencies = (
				F3F6F7032D8CD5EA003A5751 /* PBXTargetDependency */,
			);
			fileSystemSynchronizedGroups = (
				F3F6F7042D8CD5EA003A5751 /* StillTests */,
			);
			name = StillTests;
			packageProductDependencies = (
			);
			productName = StillTests;
			productReference = F3F6F7012D8CD5EA003A5751 /* StillTests.xctest */;
			productType = "com.apple.product-type.bundle.unit-test";
		};
		F3F6F70A2D8CD5EA003A5751 /* StillUITests */ = {
			isa = PBXNativeTarget;
			buildConfigurationList = F3F6F71C2D8CD5EA003A5751 /* Build configuration list for PBXNativeTarget "StillUITests" */;
			buildPhases = (
				F3F6F7072D8CD5EA003A5751 /* Sources */,
				F3F6F7082D8CD5EA003A5751 /* Frameworks */,
				F3F6F7092D8CD5EA003A5751 /* Resources */,
			);
			buildRules = (
			);
			dependencies = (
				F3F6F70D2D8CD5EA003A5751 /* PBXTargetDependency */,
			);
			fileSystemSynchronizedGroups = (
				F3F6F70E2D8CD5EA003A5751 /* StillUITests */,
			);
			name = StillUITests;
			packageProductDependencies = (
			);
			productName = StillUITests;
			productReference = F3F6F70B2D8CD5EA003A5751 /* StillUITests.xctest */;
			productType = "com.apple.product-type.bundle.ui-testing";
		};
/* End PBXNativeTarget section */

/* Begin PBXProject section */
		F3F6F6E32D8CD5E7003A5751 /* Project object */ = {
			isa = PBXProject;
			attributes = {
				BuildIndependentTargetsInParallel = 1;
				LastSwiftUpdateCheck = 1600;
				LastUpgradeCheck = 1600;
				TargetAttributes = {
					F3F6F6EA2D8CD5E7003A5751 = {
						CreatedOnToolsVersion = 16.0;
					};
					F3F6F7002D8CD5EA003A5751 = {
						CreatedOnToolsVersion = 16.0;
						TestTargetID = F3F6F6EA2D8CD5E7003A5751;
					};
					F3F6F70A2D8CD5EA003A5751 = {
						CreatedOnToolsVersion = 16.0;
						TestTargetID = F3F6F6EA2D8CD5E7003A5751;
					};
				};
			};
			buildConfigurationList = F3F6F6E62D8CD5E7003A5751 /* Build configuration list for PBXProject "Still" */;
			developmentRegion = en;
			hasScannedForEncodings = 0;
			knownRegions = (
				en,
				Base,
			);
			mainGroup = F3F6F6E22D8CD5E7003A5751;
			minimizedProjectReferenceProxies = 1;
			preferredProjectObjectVersion = 77;
			productRefGroup = F3F6F6EC2D8CD5E7003A5751 /* Products */;
			projectDirPath = "";
			projectRoot = "";
			targets = (
				F3F6F6EA2D8CD5E7003A5751 /* Still */,
				F3F6F7002D8CD5EA003A5751 /* StillTests */,
				F3F6F70A2D8CD5EA003A5751 /* StillUITests */,
			);
		};
/* End PBXProject section */

/* Begin PBXResourcesBuildPhase section */
		F3F6F6E92D8CD5E7003A5751 /* Resources */ = {
			isa = PBXResourcesBuildPhase;
			buildActionMask = 2147483647;
			files = (
			);
			runOnlyForDeploymentPostprocessing = 0;
		};
		F3F6F6FF2D8CD5EA003A5751 /* Resources */ = {
			isa = PBXResourcesBuildPhase;
			buildActionMask = 2147483647;
			files = (
			);
			runOnlyForDeploymentPostprocessing = 0;
		};
		F3F6F7092D8CD5EA003A5751 /* Resources */ = {
			isa = PBXResourcesBuildPhase;
			buildActionMask = 2147483647;
			files = (
			);
			runOnlyForDeploymentPostprocessing = 0;
		};
/* End PBXResourcesBuildPhase section */

/* Begin PBXSourcesBuildPhase section */
		F3F6F6E72D8CD5E7003A5751 /* Sources */ = {
			isa = PBXSourcesBuildPhase;
			buildActionMask = 2147483647;
			files = (
			);
			runOnlyForDeploymentPostprocessing = 0;
		};
		F3F6F6FD2D8CD5EA003A5751 /* Sources */ = {
			isa = PBXSourcesBuildPhase;
			buildActionMask = 2147483647;
			files = (
			);
			runOnlyForDeploymentPostprocessing = 0;
		};
		F3F6F7072D8CD5EA003A5751 /* Sources */ = {
			isa = PBXSourcesBuildPhase;
			buildActionMask = 2147483647;
			files = (
			);
			runOnlyForDeploymentPostprocessing = 0;
		};
/* End PBXSourcesBuildPhase section */

/* Begin PBXTargetDependency section */
		F3F6F7032D8CD5EA003A5751 /* PBXTargetDependency */ = {
			isa = PBXTargetDependency;
			target = F3F6F6EA2D8CD5E7003A5751 /* Still */;
			targetProxy = F3F6F7022D8CD5EA003A5751 /* PBXContainerItemProxy */;
		};
		F3F6F70D2D8CD5EA003A5751 /* PBXTargetDependency */ = {
			isa = PBXTargetDependency;
			target = F3F6F6EA2D8CD5E7003A5751 /* Still */;
			targetProxy = F3F6F70C2D8CD5EA003A5751 /* PBXContainerItemProxy */;
		};
/* End PBXTargetDependency section */

/* Begin XCBuildConfiguration section */
		F3F6F7152D8CD5EA003A5751 /* Debug */ = {
			isa = XCBuildConfiguration;
			buildSettings = {
				ASSETCATALOG_COMPILER_APPICON_NAME = AppIcon;
				ASSETCATALOG_COMPILER_GLOBAL_ACCENT_COLOR_NAME = AccentColor;
				CODE_SIGN_STYLE = Automatic;
				CURRENT_PROJECT_VERSION = 1;
				DEVELOPMENT_TEAM = N8BTPWQ7L2;
				GENERATE_INFOPLIST_FILE = YES;
				INFOPLIST_FILE = Still/Info.plist;
				INFOPLIST_KEY_UIApplicationSupportsIndirectInputEvents = YES;
				INFOPLIST_KEY_UILaunchStoryboardName = LaunchScreen;
				INFOPLIST_KEY_UIMainStoryboardFile = Main;
				INFOPLIST_KEY_UISupportedInterfaceOrientations_iPad = "UIInterfaceOrientationPortrait UIInterfaceOrientationPortraitUpsideDown UIInterfaceOrientationLandscapeLeft UIInterfaceOrientationLandscapeRight";
				INFOPLIST_KEY_UISupportedInterfaceOrientations_iPhone = "UIInterfaceOrientationPortrait UIInterfaceOrientationLandscapeLeft UIInterfaceOrientationLandscapeRight";
				LD_RUNPATH_SEARCH_PATHS = (
					"$(inherited)",
					"@executable_path/Frameworks",
				);
				MARKETING_VERSION = 1.0;
				PRODUCT_BUNDLE_IDENTIFIER = nm.Still;
				PRODUCT_NAME = "$(TARGET_NAME)";
				SWIFT_EMIT_LOC_STRINGS = YES;
				SWIFT_VERSION = 5.0;
				TARGETED_DEVICE_FAMILY = "1,2";
			};
			name = Debug;
		};
		F3F6F7162D8CD5EA003A5751 /* Release */ = {
			isa = XCBuildConfiguration;
			buildSettings = {
				ASSETCATALOG_COMPILER_APPICON_NAME = AppIcon;
				ASSETCATALOG_COMPILER_GLOBAL_ACCENT_COLOR_NAME = AccentColor;
				CODE_SIGN_STYLE = Automatic;
				CURRENT_PROJECT_VERSION = 1;
				DEVELOPMENT_TEAM = N8BTPWQ7L2;
				GENERATE_INFOPLIST_FILE = YES;
				INFOPLIST_FILE = Still/Info.plist;
				INFOPLIST_KEY_UIApplicationSupportsIndirectInputEvents = YES;
				INFOPLIST_KEY_UILaunchStoryboardName = LaunchScreen;
				INFOPLIST_KEY_UIMainStoryboardFile = Main;
				INFOPLIST_KEY_UISupportedInterfaceOrientations_iPad = "UIInterfaceOrientationPortrait UIInterfaceOrientationPortraitUpsideDown UIInterfaceOrientationLandscapeLeft UIInterfaceOrientationLandscapeRight";
				INFOPLIST_KEY_UISupportedInterfaceOrientations_iPhone = "UIInterfaceOrientationPortrait UIInterfaceOrientationLandscapeLeft UIInterfaceOrientationLandscapeRight";
				LD_RUNPATH_SEARCH_PATHS = (
					"$(inherited)",
					"@executable_path/Frameworks",
				);
				MARKETING_VERSION = 1.0;
				PRODUCT_BUNDLE_IDENTIFIER = nm.Still;
				PRODUCT_NAME = "$(TARGET_NAME)";
				SWIFT_EMIT_LOC_STRINGS = YES;
				SWIFT_VERSION = 5.0;
				TARGETED_DEVICE_FAMILY = "1,2";
			};
			name = Release;
		};
		F3F6F7172D8CD5EA003A5751 /* Debug */ = {
			isa = XCBuildConfiguration;
			buildSettings = {
				ALWAYS_SEARCH_USER_PATHS = NO;
				ASSETCATALOG_COMPILER_GENERATE_SWIFT_ASSET_SYMBOL_EXTENSIONS = YES;
				CLANG_ANALYZER_NONNULL = YES;
				CLANG_ANALYZER_NUMBER_OBJECT_CONVERSION = YES_AGGRESSIVE;
				CLANG_CXX_LANGUAGE_STANDARD = "gnu++20";
				CLANG_ENABLE_MODULES = YES;
				CLANG_ENABLE_OBJC_ARC = YES;
				CLANG_ENABLE_OBJC_WEAK = YES;
				CLANG_WARN_BLOCK_CAPTURE_AUTORELEASING = YES;
				CLANG_WARN_BOOL_CONVERSION = YES;
				CLANG_WARN_COMMA = YES;
				CLANG_WARN_CONSTANT_CONVERSION = YES;
				CLANG_WARN_DEPRECATED_OBJC_IMPLEMENTATIONS = YES;
				CLANG_WARN_DIRECT_OBJC_ISA_USAGE = YES_ERROR;
				CLANG_WARN_DOCUMENTATION_COMMENTS = YES;
				CLANG_WARN_EMPTY_BODY = YES;
				CLANG_WARN_ENUM_CONVERSION = YES;
				CLANG_WARN_INFINITE_RECURSION = YES;
				CLANG_WARN_INT_CONVERSION = YES;
				CLANG_WARN_NON_LITERAL_NULL_CONVERSION = YES;
				CLANG_WARN_OBJC_IMPLICIT_RETAIN_SELF = YES;
				CLANG_WARN_OBJC_LITERAL_CONVERSION = YES;
				CLANG_WARN_OBJC_ROOT_CLASS = YES_ERROR;
				CLANG_WARN_QUOTED_INCLUDE_IN_FRAMEWORK_HEADER = YES;
				CLANG_WARN_RANGE_LOOP_ANALYSIS = YES;
				CLANG_WARN_STRICT_PROTOTYPES = YES;
				CLANG_WARN_SUSPICIOUS_MOVE = YES;
				CLANG_WARN_UNGUARDED_AVAILABILITY = YES_AGGRESSIVE;
				CLANG_WARN_UNREACHABLE_CODE = YES;
				CLANG_WARN__DUPLICATE_METHOD_MATCH = YES;
				COPY_PHASE_STRIP = NO;
				DEBUG_INFORMATION_FORMAT = dwarf;
				ENABLE_STRICT_OBJC_MSGSEND = YES;
				ENABLE_TESTABILITY = YES;
				ENABLE_USER_SCRIPT_SANDBOXING = YES;
				GCC_C_LANGUAGE_STANDARD = gnu17;
				GCC_DYNAMIC_NO_PIC = NO;
				GCC_NO_COMMON_BLOCKS = YES;
				GCC_OPTIMIZATION_LEVEL = 0;
				GCC_PREPROCESSOR_DEFINITIONS = (
					"DEBUG=1",
					"$(inherited)",
				);
				GCC_WARN_64_TO_32_BIT_CONVERSION = YES;
				GCC_WARN_ABOUT_RETURN_TYPE = YES_ERROR;
				GCC_WARN_UNDECLARED_SELECTOR = YES;
				GCC_WARN_UNINITIALIZED_AUTOS = YES_AGGRESSIVE;
				GCC_WARN_UNUSED_FUNCTION = YES;
				GCC_WARN_UNUSED_VARIABLE = YES;
				IPHONEOS_DEPLOYMENT_TARGET = 18.0;
				LOCALIZATION_PREFERS_STRING_CATALOGS = YES;
				MTL_ENABLE_DEBUG_INFO = INCLUDE_SOURCE;
				MTL_FAST_MATH = YES;
				ONLY_ACTIVE_ARCH = YES;
				SDKROOT = iphoneos;
				SWIFT_ACTIVE_COMPILATION_CONDITIONS = "DEBUG $(inherited)";
				SWIFT_OPTIMIZATION_LEVEL = "-Onone";
			};
			name = Debug;
		};
		F3F6F7182D8CD5EA003A5751 /* Release */ = {
			isa = XCBuildConfiguration;
			buildSettings = {
				ALWAYS_SEARCH_USER_PATHS = NO;
				ASSETCATALOG_COMPILER_GENERATE_SWIFT_ASSET_SYMBOL_EXTENSIONS = YES;
				CLANG_ANALYZER_NONNULL = YES;
				CLANG_ANALYZER_NUMBER_OBJECT_CONVERSION = YES_AGGRESSIVE;
				CLANG_CXX_LANGUAGE_STANDARD = "gnu++20";
				CLANG_ENABLE_MODULES = YES;
				CLANG_ENABLE_OBJC_ARC = YES;
				CLANG_ENABLE_OBJC_WEAK = YES;
				CLANG_WARN_BLOCK_CAPTURE_AUTORELEASING = YES;
				CLANG_WARN_BOOL_CONVERSION = YES;
				CLANG_WARN_COMMA = YES;
				CLANG_WARN_CONSTANT_CONVERSION = YES;
				CLANG_WARN_DEPRECATED_OBJC_IMPLEMENTATIONS = YES;
				CLANG_WARN_DIRECT_OBJC_ISA_USAGE = YES_ERROR;
				CLANG_WARN_DOCUMENTATION_COMMENTS = YES;
				CLANG_WARN_EMPTY_BODY = YES;
				CLANG_WARN_ENUM_CONVERSION = YES;
				CLANG_WARN_INFINITE_RECURSION = YES;
				CLANG_WARN_INT_CONVERSION = YES;
				CLANG_WARN_NON_LITERAL_NULL_CONVERSION = YES;
				CLANG_WARN_OBJC_IMPLICIT_RETAIN_SELF = YES;
				CLANG_WARN_OBJC_LITERAL_CONVERSION = YES;
				CLANG_WARN_OBJC_ROOT_CLASS = YES_ERROR;
				CLANG_WARN_QUOTED_INCLUDE_IN_FRAMEWORK_HEADER = YES;
				CLANG_WARN_RANGE_LOOP_ANALYSIS = YES;
				CLANG_WARN_STRICT_PROTOTYPES = YES;
				CLANG_WARN_SUSPICIOUS_MOVE = YES;
				CLANG_WARN_UNGUARDED_AVAILABILITY = YES_AGGRESSIVE;
				CLANG_WARN_UNREACHABLE_CODE = YES;
				CLANG_WARN__DUPLICATE_METHOD_MATCH = YES;
				COPY_PHASE_STRIP = NO;
				DEBUG_INFORMATION_FORMAT = "dwarf-with-dsym";
				ENABLE_NS_ASSERTIONS = NO;
				ENABLE_STRICT_OBJC_MSGSEND = YES;
				ENABLE_USER_SCRIPT_SANDBOXING = YES;
				GCC_C_LANGUAGE_STANDARD = gnu17;
				GCC_NO_COMMON_BLOCKS = YES;
				GCC_WARN_64_TO_32_BIT_CONVERSION = YES;
				GCC_WARN_ABOUT_RETURN_TYPE = YES_ERROR;
				GCC_WARN_UNDECLARED_SELECTOR = YES;
				GCC_WARN_UNINITIALIZED_AUTOS = YES_AGGRESSIVE;
				GCC_WARN_UNUSED_FUNCTION = YES;
				GCC_WARN_UNUSED_VARIABLE = YES;
				IPHONEOS_DEPLOYMENT_TARGET = 18.0;
				LOCALIZATION_PREFERS_STRING_CATALOGS = YES;
				MTL_ENABLE_DEBUG_INFO = NO;
				MTL_FAST_MATH = YES;
				SDKROOT = iphoneos;
				SWIFT_COMPILATION_MODE = wholemodule;
				VALIDATE_PRODUCT = YES;
			};
			name = Release;
		};
		F3F6F71A2D8CD5EA003A5751 /* Debug */ = {
			isa = XCBuildConfiguration;
			buildSettings = {
				BUNDLE_LOADER = "$(TEST_HOST)";
				CODE_SIGN_STYLE = Automatic;
				CURRENT_PROJECT_VERSION = 1;
				DEVELOPMENT_TEAM = N8BTPWQ7L2;
				GENERATE_INFOPLIST_FILE = YES;
				IPHONEOS_DEPLOYMENT_TARGET = 18.0;
				MARKETING_VERSION = 1.0;
				PRODUCT_BUNDLE_IDENTIFIER = nm.StillTests;
				PRODUCT_NAME = "$(TARGET_NAME)";
				SWIFT_EMIT_LOC_STRINGS = NO;
				SWIFT_VERSION = 5.0;
				TARGETED_DEVICE_FAMILY = "1,2";
				TEST_HOST = "$(BUILT_PRODUCTS_DIR)/Still.app/$(BUNDLE_EXECUTABLE_FOLDER_PATH)/Still";
			};
			name = Debug;
		};
		F3F6F71B2D8CD5EA003A5751 /* Release */ = {
			isa = XCBuildConfiguration;
			buildSettings = {
				BUNDLE_LOADER = "$(TEST_HOST)";
				CODE_SIGN_STYLE = Automatic;
				CURRENT_PROJECT_VERSION = 1;
				DEVELOPMENT_TEAM = N8BTPWQ7L2;
				GENERATE_INFOPLIST_FILE = YES;
				IPHONEOS_DEPLOYMENT_TARGET = 18.0;
				MARKETING_VERSION = 1.0;
				PRODUCT_BUNDLE_IDENTIFIER = nm.StillTests;
				PRODUCT_NAME = "$(TARGET_NAME)";
				SWIFT_EMIT_LOC_STRINGS = NO;
				SWIFT_VERSION = 5.0;
				TARGETED_DEVICE_FAMILY = "1,2";
				TEST_HOST = "$(BUILT_PRODUCTS_DIR)/Still.app/$(BUNDLE_EXECUTABLE_FOLDER_PATH)/Still";
			};
			name = Release;
		};
		F3F6F71D2D8CD5EA003A5751 /* Debug */ = {
			isa = XCBuildConfiguration;
			buildSettings = {
				CODE_SIGN_STYLE = Automatic;
				CURRENT_PROJECT_VERSION = 1;
				DEVELOPMENT_TEAM = N8BTPWQ7L2;
				GENERATE_INFOPLIST_FILE = YES;
				MARKETING_VERSION = 1.0;
				PRODUCT_BUNDLE_IDENTIFIER = nm.StillUITests;
				PRODUCT_NAME = "$(TARGET_NAME)";
				SWIFT_EMIT_LOC_STRINGS = NO;
				SWIFT_VERSION = 5.0;
				TARGETED_DEVICE_FAMILY = "1,2";
				TEST_TARGET_NAME = Still;
			};
			name = Debug;
		};
		F3F6F71E2D8CD5EA003A5751 /* Release */ = {
			isa = XCBuildConfiguration;
			buildSettings = {
				CODE_SIGN_STYLE = Automatic;
				CURRENT_PROJECT_VERSION = 1;
				DEVELOPMENT_TEAM = N8BTPWQ7L2;
				GENERATE_INFOPLIST_FILE = YES;
				MARKETING_VERSION = 1.0;
				PRODUCT_BUNDLE_IDENTIFIER = nm.StillUITests;
				PRODUCT_NAME = "$(TARGET_NAME)";
				SWIFT_EMIT_LOC_STRINGS = NO;
				SWIFT_VERSION = 5.0;
				TARGETED_DEVICE_FAMILY = "1,2";
				TEST_TARGET_NAME = Still;
			};
			name = Release;
		};
/* End XCBuildConfiguration section */

/* Begin XCConfigurationList section */
		F3F6F6E62D8CD5E7003A5751 /* Build configuration list for PBXProject "Still" */ = {
			isa = XCConfigurationList;
			buildConfigurations = (
				F3F6F7172D8CD5EA003A5751 /* Debug */,
				F3F6F7182D8CD5EA003A5751 /* Release */,
			);
			defaultConfigurationIsVisible = 0;
			defaultConfigurationName = Release;
		};
		F3F6F7142D8CD5EA003A5751 /* Build configuration list for PBXNativeTarget "Still" */ = {
			isa = XCConfigurationList;
			buildConfigurations = (
				F3F6F7152D8CD5EA003A5751 /* Debug */,
				F3F6F7162D8CD5EA003A5751 /* Release */,
			);
			defaultConfigurationIsVisible = 0;
			defaultConfigurationName = Release;
		};
		F3F6F7192D8CD5EA003A5751 /* Build configuration list for PBXNativeTarget "StillTests" */ = {
			isa = XCConfigurationList;
			buildConfigurations = (
				F3F6F71A2D8CD5EA003A5751 /* Debug */,
				F3F6F71B2D8CD5EA003A5751 /* Release */,
			);
			defaultConfigurationIsVisible = 0;
			defaultConfigurationName = Release;
		};
		F3F6F71C2D8CD5EA003A5751 /* Build configuration list for PBXNativeTarget "StillUITests" */ = {
			isa = XCConfigurationList;
			buildConfigurations = (
				F3F6F71D2D8CD5EA003A5751 /* Debug */,
				F3F6F71E2D8CD5EA003A5751 /* Release */,
			);
			defaultConfigurationIsVisible = 0;
			defaultConfigurationName = Release;
		};
/* End XCConfigurationList section */
	};
	rootObject = F3F6F6E32D8CD5E7003A5751 /* Project object */;
}
